{
  "name": "EmailParser",
  "version": "1.0.0",
  "lockfileVersion": 1,
  "requires": true,
  "dependencies": {
    "base-64": {
      "version": "0.1.0",
      "resolved": "https://registry.npmjs.org/base-64/-/base-64-0.1.0.tgz",
      "integrity": "sha1-eAqZyE59YAJgNhURxId2E78k9rs="
    },
    "bluebird": {
      "version": "3.0.5",
      "resolved": "https://registry.npmjs.org/bluebird/-/bluebird-3.0.5.tgz",
      "integrity": "sha1-L/nQfJs+2ynW0oD+B1KDZefs05I="
    },
    "iconv": {
      "version": "2.3.0",
      "resolved": "https://registry.npmjs.org/iconv/-/iconv-2.3.0.tgz",
      "integrity": "sha512-eu9senpOZ7wzNweLX09jtrCdmEiie8Z5/iMxdIq3i7tkgg562EwKSU9yjXMz8ncaQ0B+845vbqAz+1kPFXzbtQ==",
      "requires": {
        "nan": "^2.3.5"
      }
    },
    "nan": {
      "version": "2.10.0",
      "resolved": "https://registry.npmjs.org/nan/-/nan-2.10.0.tgz",
      "integrity": "sha512-bAdJv7fBLhWC+/Bls0Oza+mvTaNQtP+1RyhhhvD95pgUJz6XM5IzgmxOkItJ9tkoCiplvAnXI1tNmmUD/eScyA=="
    },
    "quoted-printable": {
      "version": "1.0.1",
      "resolved": "https://registry.npmjs.org/quoted-printable/-/quoted-printable-1.0.1.tgz",
      "integrity": "sha1-nuv16z0R7vAismT9LStrK7O4TMM=",
      "requires": {
        "utf8": "^2.1.0"
      },
      "dependencies": {
        "utf8": {
          "version": "2.1.2",
          "resolved": "https://registry.npmjs.org/utf8/-/utf8-2.1.2.tgz",
          "integrity": "sha1-H6DZJw6b6FDZsFAn9jUZv0ZFfZY="
        }
      }
    },
    "string-search": {
      "version": "1.2.0",
      "resolved": "https://registry.npmjs.org/string-search/-/string-search-1.2.0.tgz",
      "integrity": "sha1-tC0blJbSSFPSY7OdN/ro98O+kng=",
      "requires": {
        "bluebird": "3.0.5"
      }
    },
    "utf8": {
      "version": "3.0.0",
      "resolved": "https://registry.npmjs.org/utf8/-/utf8-3.0.0.tgz",
      "integrity": "sha512-E8VjFIQ/TyQgp+TZfS6l8yp/xWppSAHzidGiRrqe4bK4XP9pTRyKFgGJpO3SN7zdX4DeomTrwaseCHovfpFcqQ=="
    }
  }
}
